// !$*UTF8*$!
{
	archiveVersion = 1;
	classes = {
	};
	objectVersion = 44;
	objects = {

/* Begin PBXBuildFile section */
		775DFF38067A968500C5B868 /* Cocoa.framework in Frameworks */ = {isa = PBXBuildFile; fileRef = 1058C7A7FEA54F5311CA2CBB /* Cocoa.framework */; };
		7791B6CB0C2C70110002D3F1 /* main.py in Resources */ = {isa = PBXBuildFile; fileRef = 7791B6CA0C2C70110002D3F1 /* main.py */; };
		7791B6CE0C2C702F0002D3F1 /* ColorMaskDocument.py in Resources */ = {isa = PBXBuildFile; fileRef = 7791B6CD0C2C702F0002D3F1 /* ColorMaskDocument.py */; };
		7791B6D70C2C70E40002D3F1 /* MainMenu.xib in Resources */ = {isa = PBXBuildFile; fileRef = 7791B6D50C2C70E40002D3F1 /* MainMenu.xib */; };
		7791B6F10C2C7D5F0002D3F1 /* ColorMaskDocument.xib in Resources */ = {isa = PBXBuildFile; fileRef = 7791B6EF0C2C7D5F0002D3F1 /* ColorMaskDocument.xib */; };
		8D15AC2C0486D014006FF6A4 /* Credits.rtf in Resources */ = {isa = PBXBuildFile; fileRef = 2A37F4B9FDCFA73011CA2CEA /* Credits.rtf */; };
		8D15AC2F0486D014006FF6A4 /* InfoPlist.strings in Resources */ = {isa = PBXBuildFile; fileRef = 089C165FFE840EACC02AAC07 /* InfoPlist.strings */; };
		8D15AC320486D014006FF6A4 /* main.m in Sources */ = {isa = PBXBuildFile; fileRef = 2A37F4B0FDCFA73011CA2CEA /* main.m */; settings = {ATTRIBUTES = (); }; };
		FA24CE8A139AE35E009F0B92 /* ColorMaskItems.py in Resources */ = {isa = PBXBuildFile; fileRef = FA24CE89139AE35E009F0B92 /* ColorMaskItems.py */; };
		FA24CE9F139AFAD7009F0B92 /* center_icon.png in Resources */ = {isa = PBXBuildFile; fileRef = FA24CE9E139AFAD7009F0B92 /* center_icon.png */; };
		FA24CEAC139B162E009F0B92 /* ColorMaskDocument.xcdatamodeld in Sources */ = {isa = PBXBuildFile; fileRef = FA24CEAB139B162E009F0B92 /* ColorMaskDocument.xcdatamodeld */; };
		FA6401941368EE2D00C7CC78 /* Python.framework in Frameworks */ = {isa = PBXBuildFile; fileRef = FA6400D11368E62E00C7CC78 /* Python.framework */; };
		FAAE0FA1136460E4006C8064 /* ColorMaskIcon.icns in Resources */ = {isa = PBXBuildFile; fileRef = FAAE0FA0136460E4006C8064 /* ColorMaskIcon.icns */; };
		FAC354F513513586005E8A1C /* ColorMaskView.xib in Resources */ = {isa = PBXBuildFile; fileRef = FAC354F413513586005E8A1C /* ColorMaskView.xib */; };
/* End PBXBuildFile section */

/* Begin PBXFileReference section */
		089C1660FE840EACC02AAC07 /* English */ = {isa = PBXFileReference; fileEncoding = 10; lastKnownFileType = text.plist.strings; name = English; path = English.lproj/InfoPlist.strings; sourceTree = "<group>"; };
		1058C7A7FEA54F5311CA2CBB /* Cocoa.framework */ = {isa = PBXFileReference; lastKnownFileType = wrapper.framework; name = Cocoa.framework; path = /System/Library/Frameworks/Cocoa.framework; sourceTree = "<absolute>"; };
		2A37F4B0FDCFA73011CA2CEA /* main.m */ = {isa = PBXFileReference; fileEncoding = 4; lastKnownFileType = sourcecode.c.objc; path = main.m; sourceTree = "<group>"; };
		2A37F4BAFDCFA73011CA2CEA /* English */ = {isa = PBXFileReference; lastKnownFileType = text.rtf; name = English; path = English.lproj/Credits.rtf; sourceTree = "<group>"; };
		2A37F4C4FDCFA73011CA2CEA /* AppKit.framework */ = {isa = PBXFileReference; lastKnownFileType = wrapper.framework; name = AppKit.framework; path = /System/Library/Frameworks/AppKit.framework; sourceTree = "<absolute>"; };
		2A37F4C5FDCFA73011CA2CEA /* Foundation.framework */ = {isa = PBXFileReference; lastKnownFileType = wrapper.framework; name = Foundation.framework; path = /System/Library/Frameworks/Foundation.framework; sourceTree = "<absolute>"; };
		32DBCF750370BD2300C91783 /* ColorMask_Prefix.pch */ = {isa = PBXFileReference; fileEncoding = 4; lastKnownFileType = sourcecode.c.h; path = ColorMask_Prefix.pch; sourceTree = "<group>"; };
		775BDEF0067A8BF0009058FE /* ColorMaskDocument.xcdatamodel */ = {isa = PBXFileReference; fileEncoding = 4; lastKnownFileType = wrapper.xcdatamodel; path = ColorMaskDocument.xcdatamodel; sourceTree = "<group>"; };
		7788DA0506752A1600599AAD /* CoreData.framework */ = {isa = PBXFileReference; lastKnownFileType = wrapper.framework; name = CoreData.framework; path = /System/Library/Frameworks/CoreData.framework; sourceTree = "<absolute>"; };
		7791B6CA0C2C70110002D3F1 /* main.py */ = {isa = PBXFileReference; fileEncoding = 30; lastKnownFileType = text.script.python; path = main.py; sourceTree = "<group>"; };
		7791B6CD0C2C702F0002D3F1 /* ColorMaskDocument.py */ = {isa = PBXFileReference; fileEncoding = 30; lastKnownFileType = text.script.python; path = ColorMaskDocument.py; sourceTree = "<group>"; };
		7791B6D60C2C70E40002D3F1 /* English */ = {isa = PBXFileReference; lastKnownFileType = file.xib; name = English; path = English.lproj/MainMenu.xib; sourceTree = "<group>"; };
		7791B6F00C2C7D5F0002D3F1 /* English */ = {isa = PBXFileReference; lastKnownFileType = file.xib; name = English; path = English.lproj/ColorMaskDocument.xib; sourceTree = "<group>"; };
		8D15AC360486D014006FF6A4 /* Info.plist */ = {isa = PBXFileReference; fileEncoding = 4; lastKnownFileType = text.plist; path = Info.plist; sourceTree = "<group>"; };
		8D15AC370486D014006FF6A4 /* ColorMask.app */ = {isa = PBXFileReference; explicitFileType = wrapper.application; includeInIndex = 0; path = ColorMask.app; sourceTree = BUILT_PRODUCTS_DIR; };
		FA24CE89139AE35E009F0B92 /* ColorMaskItems.py */ = {isa = PBXFileReference; fileEncoding = 4; lastKnownFileType = text.script.python; path = ColorMaskItems.py; sourceTree = "<group>"; };
		FA24CE9C139AF9D8009F0B92 /* center_icon.svg */ = {isa = PBXFileReference; fileEncoding = 4; lastKnownFileType = text.xml; path = center_icon.svg; sourceTree = "<group>"; };
		FA24CE9E139AFAD7009F0B92 /* center_icon.png */ = {isa = PBXFileReference; lastKnownFileType = image.png; path = center_icon.png; sourceTree = "<group>"; };
		FA24CEAD139B162E009F0B92 /* ColorMaskDocument 2.xcdatamodel */ = {isa = PBXFileReference; lastKnownFileType = wrapper.xcdatamodel; path = "ColorMaskDocument 2.xcdatamodel"; sourceTree = "<group>"; };
		FA64006D1368E0FA00C7CC78 /* Python.framework */ = {isa = PBXFileReference; lastKnownFileType = wrapper.framework; name = Python.framework; path = /Library/Frameworks/Python.framework; sourceTree = "<absolute>"; };
		FA6400D11368E62E00C7CC78 /* Python.framework */ = {isa = PBXFileReference; lastKnownFileType = wrapper.framework; name = Python.framework; path = System/Library/Frameworks/Python.framework; sourceTree = SDKROOT; };
		FAAE0FA0136460E4006C8064 /* ColorMaskIcon.icns */ = {isa = PBXFileReference; lastKnownFileType = image.icns; path = ColorMaskIcon.icns; sourceTree = "<group>"; };
		FAAE0FA2136460FA006C8064 /* ColorMaskIcon.svg */ = {isa = PBXFileReference; fileEncoding = 4; lastKnownFileType = text.xml; path = ColorMaskIcon.svg; sourceTree = "<group>"; };
		FAC354F413513586005E8A1C /* ColorMaskView.xib */ = {isa = PBXFileReference; lastKnownFileType = file.xib; path = ColorMaskView.xib; sourceTree = "<group>"; };
/* End PBXFileReference section */

/* Begin PBXFrameworksBuildPhase section */
		8D15AC330486D014006FF6A4 /* Frameworks */ = {
			isa = PBXFrameworksBuildPhase;
			buildActionMask = 2147483647;
			files = (
				775DFF38067A968500C5B868 /* Cocoa.framework in Frameworks */,
				FA6401941368EE2D00C7CC78 /* Python.framework in Frameworks */,
			);
			runOnlyForDeploymentPostprocessing = 0;
		};
/* End PBXFrameworksBuildPhase section */

/* Begin PBXGroup section */
		1058C7A6FEA54F5311CA2CBB /* Linked Frameworks */ = {
			isa = PBXGroup;
			children = (
				1058C7A7FEA54F5311CA2CBB /* Cocoa.framework */,
				FA6400D11368E62E00C7CC78 /* Python.framework */,
			);
			name = "Linked Frameworks";
			sourceTree = "<group>";
		};
		1058C7A8FEA54F5311CA2CBB /* Other Frameworks */ = {
			isa = PBXGroup;
			children = (
				2A37F4C5FDCFA73011CA2CEA /* Foundation.framework */,
				7788DA0506752A1600599AAD /* CoreData.framework */,
				2A37F4C4FDCFA73011CA2CEA /* AppKit.framework */,
			);
			name = "Other Frameworks";
			sourceTree = "<group>";
		};
		19C28FB0FE9D524F11CA2CBB /* Products */ = {
			isa = PBXGroup;
			children = (
				8D15AC370486D014006FF6A4 /* ColorMask.app */,
			);
			name = Products;
			sourceTree = "<group>";
		};
		2A37F4AAFDCFA73011CA2CEA /* ColorMask */ = {
			isa = PBXGroup;
			children = (
				E1B74B1A0667B4A90069E3BA /* Models */,
				2A37F4ABFDCFA73011CA2CEA /* Classes */,
				2A37F4AFFDCFA73011CA2CEA /* Other Sources */,
				2A37F4B8FDCFA73011CA2CEA /* Resources */,
				2A37F4C3FDCFA73011CA2CEA /* Frameworks */,
				19C28FB0FE9D524F11CA2CBB /* Products */,
				FA64006D1368E0FA00C7CC78 /* Python.framework */,
			);
			name = ColorMask;
			sourceTree = "<group>";
		};
		2A37F4ABFDCFA73011CA2CEA /* Classes */ = {
			isa = PBXGroup;
			children = (
				7791B6CD0C2C702F0002D3F1 /* ColorMaskDocument.py */,
				FA24CE89139AE35E009F0B92 /* ColorMaskItems.py */,
			);
			name = Classes;
			sourceTree = "<group>";
		};
		2A37F4AFFDCFA73011CA2CEA /* Other Sources */ = {
			isa = PBXGroup;
			children = (
				32DBCF750370BD2300C91783 /* ColorMask_Prefix.pch */,
				7791B6CA0C2C70110002D3F1 /* main.py */,
				2A37F4B0FDCFA73011CA2CEA /* main.m */,
			);
			name = "Other Sources";
			sourceTree = "<group>";
		};
		2A37F4B8FDCFA73011CA2CEA /* Resources */ = {
			isa = PBXGroup;
			children = (
				FA24CE9E139AFAD7009F0B92 /* center_icon.png */,
				FA24CE9C139AF9D8009F0B92 /* center_icon.svg */,
				FAAE0FA2136460FA006C8064 /* ColorMaskIcon.svg */,
				FAAE0FA0136460E4006C8064 /* ColorMaskIcon.icns */,
				7791B6EF0C2C7D5F0002D3F1 /* ColorMaskDocument.xib */,
				7791B6D50C2C70E40002D3F1 /* MainMenu.xib */,
				2A37F4B9FDCFA73011CA2CEA /* Credits.rtf */,
				8D15AC360486D014006FF6A4 /* Info.plist */,
				089C165FFE840EACC02AAC07 /* InfoPlist.strings */,
				FAC354F413513586005E8A1C /* ColorMaskView.xib */,
			);
			name = Resources;
			sourceTree = "<group>";
		};
		2A37F4C3FDCFA73011CA2CEA /* Frameworks */ = {
			isa = PBXGroup;
			children = (
				1058C7A6FEA54F5311CA2CBB /* Linked Frameworks */,
				1058C7A8FEA54F5311CA2CBB /* Other Frameworks */,
			);
			name = Frameworks;
			sourceTree = "<group>";
		};
		E1B74B1A0667B4A90069E3BA /* Models */ = {
			isa = PBXGroup;
			children = (
				FA24CEAB139B162E009F0B92 /* ColorMaskDocument.xcdatamodeld */,
			);
			name = Models;
			sourceTree = "<group>";
		};
/* End PBXGroup section */

/* Begin PBXNativeTarget section */
		8D15AC270486D014006FF6A4 /* ColorMask */ = {
			isa = PBXNativeTarget;
			buildConfigurationList = 26FC0AA50875C8B900E6366F /* Build configuration list for PBXNativeTarget "ColorMask" */;
			buildPhases = (
				8D15AC2B0486D014006FF6A4 /* Resources */,
				8D15AC300486D014006FF6A4 /* Sources */,
				8D15AC330486D014006FF6A4 /* Frameworks */,
			);
			buildRules = (
			);
			dependencies = (
			);
			name = ColorMask;
			productInstallPath = "$(HOME)/Applications";
			productName = ColorMask;
			productReference = 8D15AC370486D014006FF6A4 /* ColorMask.app */;
			productType = "com.apple.product-type.application";
		};
/* End PBXNativeTarget section */

/* Begin PBXProject section */
		2A37F4A9FDCFA73011CA2CEA /* Project object */ = {
			isa = PBXProject;
			buildConfigurationList = 26FC0AA90875C8B900E6366F /* Build configuration list for PBXProject "ColorMask" */;
			compatibilityVersion = "Xcode 3.0";
			developmentRegion = English;
			hasScannedForEncodings = 1;
			knownRegions = (
				English,
				Japanese,
				French,
				German,
			);
			mainGroup = 2A37F4AAFDCFA73011CA2CEA /* ColorMask */;
			projectDirPath = "";
			projectRoot = "";
			targets = (
				8D15AC270486D014006FF6A4 /* ColorMask */,
			);
		};
/* End PBXProject section */

/* Begin PBXResourcesBuildPhase section */
		8D15AC2B0486D014006FF6A4 /* Resources */ = {
			isa = PBXResourcesBuildPhase;
			buildActionMask = 2147483647;
			files = (
				8D15AC2C0486D014006FF6A4 /* Credits.rtf in Resources */,
				8D15AC2F0486D014006FF6A4 /* InfoPlist.strings in Resources */,
				7791B6CB0C2C70110002D3F1 /* main.py in Resources */,
				7791B6CE0C2C702F0002D3F1 /* ColorMaskDocument.py in Resources */,
				7791B6D70C2C70E40002D3F1 /* MainMenu.xib in Resources */,
				7791B6F10C2C7D5F0002D3F1 /* ColorMaskDocument.xib in Resources */,
				FAC354F513513586005E8A1C /* ColorMaskView.xib in Resources */,
				FAAE0FA1136460E4006C8064 /* ColorMaskIcon.icns in Resources */,
				FA24CE8A139AE35E009F0B92 /* ColorMaskItems.py in Resources */,
				FA24CE9F139AFAD7009F0B92 /* center_icon.png in Resources */,
			);
			runOnlyForDeploymentPostprocessing = 0;
		};
/* End PBXResourcesBuildPhase section */

/* Begin PBXSourcesBuildPhase section */
		8D15AC300486D014006FF6A4 /* Sources */ = {
			isa = PBXSourcesBuildPhase;
			buildActionMask = 2147483647;
			files = (
				8D15AC320486D014006FF6A4 /* main.m in Sources */,
				FA24CEAC139B162E009F0B92 /* ColorMaskDocument.xcdatamodeld in Sources */,
			);
			runOnlyForDeploymentPostprocessing = 0;
		};
/* End PBXSourcesBuildPhase section */

/* Begin PBXVariantGroup section */
		089C165FFE840EACC02AAC07 /* InfoPlist.strings */ = {
			isa = PBXVariantGroup;
			children = (
				089C1660FE840EACC02AAC07 /* English */,
			);
			name = InfoPlist.strings;
			sourceTree = "<group>";
		};
		2A37F4B9FDCFA73011CA2CEA /* Credits.rtf */ = {
			isa = PBXVariantGroup;
			children = (
				2A37F4BAFDCFA73011CA2CEA /* English */,
			);
			name = Credits.rtf;
			sourceTree = "<group>";
		};
		7791B6D50C2C70E40002D3F1 /* MainMenu.xib */ = {
			isa = PBXVariantGroup;
			children = (
				7791B6D60C2C70E40002D3F1 /* English */,
			);
			name = MainMenu.xib;
			sourceTree = "<group>";
		};
		7791B6EF0C2C7D5F0002D3F1 /* ColorMaskDocument.xib */ = {
			isa = PBXVariantGroup;
			children = (
				7791B6F00C2C7D5F0002D3F1 /* English */,
			);
			name = ColorMaskDocument.xib;
			sourceTree = "<group>";
		};
/* End PBXVariantGroup section */

/* Begin XCBuildConfiguration section */
		26FC0AA60875C8B900E6366F /* Debug */ = {
			isa = XCBuildConfiguration;
			buildSettings = {
				COPY_PHASE_STRIP = NO;
				GCC_DYNAMIC_NO_PIC = NO;
				GCC_ENABLE_FIX_AND_CONTINUE = YES;
				GCC_ENABLE_OBJC_EXCEPTIONS = YES;
				GCC_MODEL_TUNING = G5;
				GCC_OPTIMIZATION_LEVEL = 0;
				GCC_PRECOMPILE_PREFIX_HEADER = YES;
				GCC_PREFIX_HEADER = ColorMask_Prefix.pch;
				INFOPLIST_FILE = Info.plist;
				INSTALL_PATH = "$(HOME)/Applications";
				PRODUCT_NAME = ColorMask;
				WRAPPER_EXTENSION = app;
				ZERO_LINK = YES;
			};
			name = Debug;
		};
		26FC0AA70875C8B900E6366F /* Release */ = {
			isa = XCBuildConfiguration;
			buildSettings = {
				ARCHS = (
					ppc,
					i386,
				);
				DEBUG_INFORMATION_FORMAT = "dwarf-with-dsym";
				GCC_ENABLE_OBJC_EXCEPTIONS = YES;
				GCC_MODEL_TUNING = G5;
				GCC_PRECOMPILE_PREFIX_HEADER = YES;
				GCC_PREFIX_HEADER = ColorMask_Prefix.pch;
				INFOPLIST_FILE = Info.plist;
				INSTALL_PATH = "$(HOME)/Applications";
				PRODUCT_NAME = ColorMask;
				WRAPPER_EXTENSION = app;
			};
			name = Release;
		};
		26FC0AAA0875C8B900E6366F /* Debug */ = {
			isa = XCBuildConfiguration;
			buildSettings = {
				GCC_WARN_ABOUT_RETURN_TYPE = YES;
				GCC_WARN_UNUSED_VARIABLE = YES;
				PREBINDING = NO;
				SDKROOT = "$(DEVELOPER_SDK_DIR)/MacOSX10.5.sdk";
			};
			name = Debug;
		};
		26FC0AAB0875C8B900E6366F /* Release */ = {
			isa = XCBuildConfiguration;
			buildSettings = {
				GCC_WARN_ABOUT_RETURN_TYPE = YES;
				GCC_WARN_UNUSED_VARIABLE = YES;
				PREBINDING = NO;
				SDKROOT = "$(DEVELOPER_SDK_DIR)/MacOSX10.5.sdk";
			};
			name = Release;
		};
/* End XCBuildConfiguration section */

/* Begin XCConfigurationList section */
		26FC0AA50875C8B900E6366F /* Build configuration list for PBXNativeTarget "ColorMask" */ = {
			isa = XCConfigurationList;
			buildConfigurations = (
				26FC0AA60875C8B900E6366F /* Debug */,
				26FC0AA70875C8B900E6366F /* Release */,
			);
			defaultConfigurationIsVisible = 0;
			defaultConfigurationName = Release;
		};
		26FC0AA90875C8B900E6366F /* Build configuration list for PBXProject "ColorMask" */ = {
			isa = XCConfigurationList;
			buildConfigurations = (
				26FC0AAA0875C8B900E6366F /* Debug */,
				26FC0AAB0875C8B900E6366F /* Release */,
			);
			defaultConfigurationIsVisible = 0;
			defaultConfigurationName = Release;
		};
/* End XCConfigurationList section */

/* Begin XCVersionGroup section */
		FA24CEAB139B162E009F0B92 /* ColorMaskDocument.xcdatamodeld */ = {
			isa = XCVersionGroup;
			children = (
				775BDEF0067A8BF0009058FE /* ColorMaskDocument.xcdatamodel */,
				FA24CEAD139B162E009F0B92 /* ColorMaskDocument 2.xcdatamodel */,
			);
			currentVersion = FA24CEAD139B162E009F0B92 /* ColorMaskDocument 2.xcdatamodel */;
			path = ColorMaskDocument.xcdatamodeld;
			sourceTree = "<group>";
			versionGroupType = wrapper.xcdatamodel;
		};
/* End XCVersionGroup section */
	};
	rootObject = 2A37F4A9FDCFA73011CA2CEA /* Project object */;
}
